
Microsoft Visual Studio Solution File, Format Version 12.00
# Visual Studio Version 17
VisualStudioVersion = 17.9.34728.123
MinimumVisualStudioVersion = 10.0.40219.1
Project("{FAE04EC0-301F-11D3-BF4B-00C04F79EFBC}") = "WinFormsApp2", "WinFormsApp2\WinFormsApp2.csproj", "{202B73A9-50D3-4076-9251-32E861CC9DB2}"
EndProject
Global
	GlobalSection(SolutionConfigurationPlatforms) = preSolution
		Debug|Any CPU = Debug|Any CPU
		Release|Any CPU = Release|Any CPU
	EndGlobalSection
	GlobalSection(ProjectConfigurationPlatforms) = postSolution
		{202B73A9-50D3-4076-9251-32E861CC9DB2}.Debug|Any CPU.ActiveCfg = Debug|Any CPU
		{202B73A9-50D3-4076-9251-32E861CC9DB2}.Debug|Any CPU.Build.0 = Debug|Any CPU
		{202B73A9-50D3-4076-9251-32E861CC9DB2}.Release|Any CPU.ActiveCfg = Release|Any CPU
		{202B73A9-50D3-4076-9251-32E861CC9DB2}.Release|Any CPU.Build.0 = Release|Any CPU
	EndGlobalSection
	GlobalSection(SolutionProperties) = preSolution
		HideSolutionNode = FALSE
	EndGlobalSection
	GlobalSection(ExtensibilityGlobals) = postSolution
		SolutionGuid = {D2530440-5578-4EA5-B9AD-1B8DE61C29AC}
	EndGlobalSection
EndGlobal
